// !$*UTF8*$!
{
	archiveVersion = 1;
	classes = {
	};
	objectVersion = 50;
	objects = {

/* Begin PBXBuildFile section */
		A448DE0E2105C54B00633E65 /* Coordinator.swift in Sources */ = {isa = PBXBuildFile; fileRef = A448DE0D2105C54B00633E65 /* Coordinator.swift */; };
		A448DE102105C61900633E65 /* Presentable.swift in Sources */ = {isa = PBXBuildFile; fileRef = A448DE0F2105C61900633E65 /* Presentable.swift */; };
		A477AE442105BEDF00696EE3 /* AppDelegate.swift in Sources */ = {isa = PBXBuildFile; fileRef = A477AE432105BEDF00696EE3 /* AppDelegate.swift */; };
		A477AE4B2105BEDF00696EE3 /* Main.storyboard in Resources */ = {isa = PBXBuildFile; fileRef = A477AE492105BEDF00696EE3 /* Main.storyboard */; };
		A477AE4D2105BEE300696EE3 /* Assets.xcassets in Resources */ = {isa = PBXBuildFile; fileRef = A477AE4C2105BEE300696EE3 /* Assets.xcassets */; };
		A477AE502105BEE300696EE3 /* LaunchScreen.storyboard in Resources */ = {isa = PBXBuildFile; fileRef = A477AE4E2105BEE300696EE3 /* LaunchScreen.storyboard */; };
		A477AE592105C41D00696EE3 /* BaseCoordinator.swift in Sources */ = {isa = PBXBuildFile; fileRef = A477AE582105C41D00696EE3 /* BaseCoordinator.swift */; };
/* End PBXBuildFile section */

/* Begin PBXFileReference section */
		A448DE0D2105C54B00633E65 /* Coordinator.swift */ = {isa = PBXFileReference; lastKnownFileType = sourcecode.swift; path = Coordinator.swift; sourceTree = "<group>"; };
		A448DE0F2105C61900633E65 /* Presentable.swift */ = {isa = PBXFileReference; lastKnownFileType = sourcecode.swift; path = Presentable.swift; sourceTree = "<group>"; };
		A477AE402105BEDF00696EE3 /* GlovoChallenge.app */ = {isa = PBXFileReference; explicitFileType = wrapper.application; includeInIndex = 0; path = GlovoChallenge.app; sourceTree = BUILT_PRODUCTS_DIR; };
		A477AE432105BEDF00696EE3 /* AppDelegate.swift */ = {isa = PBXFileReference; lastKnownFileType = sourcecode.swift; path = AppDelegate.swift; sourceTree = "<group>"; };
		A477AE4A2105BEDF00696EE3 /* Base */ = {isa = PBXFileReference; lastKnownFileType = file.storyboard; name = Base; path = Base.lproj/Main.storyboard; sourceTree = "<group>"; };
		A477AE4C2105BEE300696EE3 /* Assets.xcassets */ = {isa = PBXFileReference; lastKnownFileType = folder.assetcatalog; path = Assets.xcassets; sourceTree = "<group>"; };
		A477AE4F2105BEE300696EE3 /* Base */ = {isa = PBXFileReference; lastKnownFileType = file.storyboard; name = Base; path = Base.lproj/LaunchScreen.storyboard; sourceTree = "<group>"; };
		A477AE512105BEE300696EE3 /* Info.plist */ = {isa = PBXFileReference; lastKnownFileType = text.plist.xml; path = Info.plist; sourceTree = "<group>"; };
		A477AE582105C41D00696EE3 /* BaseCoordinator.swift */ = {isa = PBXFileReference; lastKnownFileType = sourcecode.swift; path = BaseCoordinator.swift; sourceTree = "<group>"; };
/* End PBXFileReference section */

/* Begin PBXFrameworksBuildPhase section */
		A477AE3D2105BEDF00696EE3 /* Frameworks */ = {
			isa = PBXFrameworksBuildPhase;
			buildActionMask = 2147483647;
			files = (
			);
			runOnlyForDeploymentPostprocessing = 0;
		};
/* End PBXFrameworksBuildPhase section */

/* Begin PBXGroup section */
		A448DE0C2105C53700633E65 /* Protocols */ = {
			isa = PBXGroup;
			children = (
				A448DE0D2105C54B00633E65 /* Coordinator.swift */,
				A448DE0F2105C61900633E65 /* Presentable.swift */,
			);
			path = Protocols;
			sourceTree = "<group>";
		};
		A477AE372105BEDF00696EE3 = {
			isa = PBXGroup;
			children = (
				A477AE422105BEDF00696EE3 /* GlovoChallenge */,
				A477AE412105BEDF00696EE3 /* Products */,
			);
			sourceTree = "<group>";
		};
		A477AE412105BEDF00696EE3 /* Products */ = {
			isa = PBXGroup;
			children = (
				A477AE402105BEDF00696EE3 /* GlovoChallenge.app */,
			);
			name = Products;
			sourceTree = "<group>";
		};
		A477AE422105BEDF00696EE3 /* GlovoChallenge */ = {
			isa = PBXGroup;
			children = (
				A477AE572105BFDF00696EE3 /* Application */,
				A448DE0C2105C53700633E65 /* Protocols */,
				A477AE432105BEDF00696EE3 /* AppDelegate.swift */,
				A477AE492105BEDF00696EE3 /* Main.storyboard */,
				A477AE4C2105BEE300696EE3 /* Assets.xcassets */,
				A477AE4E2105BEE300696EE3 /* LaunchScreen.storyboard */,
				A477AE512105BEE300696EE3 /* Info.plist */,
			);
			path = GlovoChallenge;
			sourceTree = "<group>";
		};
		A477AE572105BFDF00696EE3 /* Application */ = {
			isa = PBXGroup;
			children = (
				A477AE582105C41D00696EE3 /* BaseCoordinator.swift */,
			);
			path = Application;
			sourceTree = "<group>";
		};
/* End PBXGroup section */

/* Begin PBXNativeTarget section */
		A477AE3F2105BEDF00696EE3 /* GlovoChallenge */ = {
			isa = PBXNativeTarget;
			buildConfigurationList = A477AE542105BEE300696EE3 /* Build configuration list for PBXNativeTarget "GlovoChallenge" */;
			buildPhases = (
				A477AE3C2105BEDF00696EE3 /* Sources */,
				A477AE3D2105BEDF00696EE3 /* Frameworks */,
				A477AE3E2105BEDF00696EE3 /* Resources */,
			);
			buildRules = (
			);
			dependencies = (
			);
			name = GlovoChallenge;
			productName = GlovoChallenge;
			productReference = A477AE402105BEDF00696EE3 /* GlovoChallenge.app */;
			productType = "com.apple.product-type.application";
		};
/* End PBXNativeTarget section */

/* Begin PBXProject section */
		A477AE382105BEDF00696EE3 /* Project object */ = {
			isa = PBXProject;
			attributes = {
				LastSwiftUpdateCheck = 0930;
				LastUpgradeCheck = 0930;
				ORGANIZATIONNAME = "Ibrahim Kteish";
				TargetAttributes = {
					A477AE3F2105BEDF00696EE3 = {
						CreatedOnToolsVersion = 9.3;
					};
				};
			};
			buildConfigurationList = A477AE3B2105BEDF00696EE3 /* Build configuration list for PBXProject "GlovoChallenge" */;
			compatibilityVersion = "Xcode 9.3";
			developmentRegion = en;
			hasScannedForEncodings = 0;
			knownRegions = (
				en,
				Base,
			);
			mainGroup = A477AE372105BEDF00696EE3;
			productRefGroup = A477AE412105BEDF00696EE3 /* Products */;
			projectDirPath = "";
			projectRoot = "";
			targets = (
				A477AE3F2105BEDF00696EE3 /* GlovoChallenge */,
			);
		};
/* End PBXProject section */

/* Begin PBXResourcesBuildPhase section */
		A477AE3E2105BEDF00696EE3 /* Resources */ = {
			isa = PBXResourcesBuildPhase;
			buildActionMask = 2147483647;
			files = (
				A477AE502105BEE300696EE3 /* LaunchScreen.storyboard in Resources */,
				A477AE4D2105BEE300696EE3 /* Assets.xcassets in Resources */,
				A477AE4B2105BEDF00696EE3 /* Main.storyboard in Resources */,
			);
			runOnlyForDeploymentPostprocessing = 0;
		};
/* End PBXResourcesBuildPhase section */

/* Begin PBXSourcesBuildPhase section */
		A477AE3C2105BEDF00696EE3 /* Sources */ = {
			isa = PBXSourcesBuildPhase;
			buildActionMask = 2147483647;
			files = (
				A477AE442105BEDF00696EE3 /* AppDelegate.swift in Sources */,
				A448DE102105C61900633E65 /* Presentable.swift in Sources */,
				A477AE592105C41D00696EE3 /* BaseCoordinator.swift in Sources */,
				A448DE0E2105C54B00633E65 /* Coordinator.swift in Sources */,
			);
			runOnlyForDeploymentPostprocessing = 0;
		};
/* End PBXSourcesBuildPhase section */

/* Begin PBXVariantGroup section */
		A477AE492105BEDF00696EE3 /* Main.storyboard */ = {
			isa = PBXVariantGroup;
			children = (
				A477AE4A2105BEDF00696EE3 /* Base */,
			);
			name = Main.storyboard;
			sourceTree = "<group>";
		};
		A477AE4E2105BEE300696EE3 /* LaunchScreen.storyboard */ = {
			isa = PBXVariantGroup;
			children = (
				A477AE4F2105BEE300696EE3 /* Base */,
			);
			name = LaunchScreen.storyboard;
			sourceTree = "<group>";
		};
/* End PBXVariantGroup section */

/* Begin XCBuildConfiguration section */
		A477AE522105BEE300696EE3 /* Debug */ = {
			isa = XCBuildConfiguration;
			buildSettings = {
				ALWAYS_SEARCH_USER_PATHS = NO;
				CLANG_ANALYZER_NONNULL = YES;
				CLANG_ANALYZER_NUMBER_OBJECT_CONVERSION = YES_AGGRESSIVE;
				CLANG_CXX_LANGUAGE_STANDARD = "gnu++14";
				CLANG_CXX_LIBRARY = "libc++";
				CLANG_ENABLE_MODULES = YES;
				CLANG_ENABLE_OBJC_ARC = YES;
				CLANG_ENABLE_OBJC_WEAK = YES;
				CLANG_WARN_BLOCK_CAPTURE_AUTORELEASING = YES;
				CLANG_WARN_BOOL_CONVERSION = YES;
				CLANG_WARN_COMMA = YES;
				CLANG_WARN_CONSTANT_CONVERSION = YES;
				CLANG_WARN_DEPRECATED_OBJC_IMPLEMENTATIONS = YES;
				CLANG_WARN_DIRECT_OBJC_ISA_USAGE = YES_ERROR;
				CLANG_WARN_DOCUMENTATION_COMMENTS = YES;
				CLANG_WARN_EMPTY_BODY = YES;
				CLANG_WARN_ENUM_CONVERSION = YES;
				CLANG_WARN_INFINITE_RECURSION = YES;
				CLANG_WARN_INT_CONVERSION = YES;
				CLANG_WARN_NON_LITERAL_NULL_CONVERSION = YES;
				CLANG_WARN_OBJC_IMPLICIT_RETAIN_SELF = YES;
				CLANG_WARN_OBJC_LITERAL_CONVERSION = YES;
				CLANG_WARN_OBJC_ROOT_CLASS = YES_ERROR;
				CLANG_WARN_RANGE_LOOP_ANALYSIS = YES;
				CLANG_WARN_STRICT_PROTOTYPES = YES;
				CLANG_WARN_SUSPICIOUS_MOVE = YES;
				CLANG_WARN_UNGUARDED_AVAILABILITY = YES_AGGRESSIVE;
				CLANG_WARN_UNREACHABLE_CODE = YES;
				CLANG_WARN__DUPLICATE_METHOD_MATCH = YES;
				CODE_SIGN_IDENTITY = "iPhone Developer";
				COPY_PHASE_STRIP = NO;
				DEBUG_INFORMATION_FORMAT = dwarf;
				ENABLE_STRICT_OBJC_MSGSEND = YES;
				ENABLE_TESTABILITY = YES;
				GCC_C_LANGUAGE_STANDARD = gnu11;
				GCC_DYNAMIC_NO_PIC = NO;
				GCC_NO_COMMON_BLOCKS = YES;
				GCC_OPTIMIZATION_LEVEL = 0;
				GCC_PREPROCESSOR_DEFINITIONS = (
					"DEBUG=1",
					"$(inherited)",
				);
				GCC_WARN_64_TO_32_BIT_CONVERSION = YES;
				GCC_WARN_ABOUT_RETURN_TYPE = YES_ERROR;
				GCC_WARN_UNDECLARED_SELECTOR = YES;
				GCC_WARN_UNINITIALIZED_AUTOS = YES_AGGRESSIVE;
				GCC_WARN_UNUSED_FUNCTION = YES;
				GCC_WARN_UNUSED_VARIABLE = YES;
				IPHONEOS_DEPLOYMENT_TARGET = 11.3;
				MTL_ENABLE_DEBUG_INFO = YES;
				ONLY_ACTIVE_ARCH = YES;
				SDKROOT = iphoneos;
				SWIFT_ACTIVE_COMPILATION_CONDITIONS = DEBUG;
				SWIFT_OPTIMIZATION_LEVEL = "-Onone";
			};
			name = Debug;
		};
		A477AE532105BEE300696EE3 /* Release */ = {
			isa = XCBuildConfiguration;
			buildSettings = {
				ALWAYS_SEARCH_USER_PATHS = NO;
				CLANG_ANALYZER_NONNULL = YES;
				CLANG_ANALYZER_NUMBER_OBJECT_CONVERSION = YES_AGGRESSIVE;
				CLANG_CXX_LANGUAGE_STANDARD = "gnu++14";
				CLANG_CXX_LIBRARY = "libc++";
				CLANG_ENABLE_MODULES = YES;
				CLANG_ENABLE_OBJC_ARC = YES;
				CLANG_ENABLE_OBJC_WEAK = YES;
				CLANG_WARN_BLOCK_CAPTURE_AUTORELEASING = YES;
				CLANG_WARN_BOOL_CONVERSION = YES;
				CLANG_WARN_COMMA = YES;
				CLANG_WARN_CONSTANT_CONVERSION = YES;
				CLANG_WARN_DEPRECATED_OBJC_IMPLEMENTATIONS = YES;
				CLANG_WARN_DIRECT_OBJC_ISA_USAGE = YES_ERROR;
				CLANG_WARN_DOCUMENTATION_COMMENTS = YES;
				CLANG_WARN_EMPTY_BODY = YES;
				CLANG_WARN_ENUM_CONVERSION = YES;
				CLANG_WARN_INFINITE_RECURSION = YES;
				CLANG_WARN_INT_CONVERSION = YES;
				CLANG_WARN_NON_LITERAL_NULL_CONVERSION = YES;
				CLANG_WARN_OBJC_IMPLICIT_RETAIN_SELF = YES;
				CLANG_WARN_OBJC_LITERAL_CONVERSION = YES;
				CLANG_WARN_OBJC_ROOT_CLASS = YES_ERROR;
				CLANG_WARN_RANGE_LOOP_ANALYSIS = YES;
				CLANG_WARN_STRICT_PROTOTYPES = YES;
				CLANG_WARN_SUSPICIOUS_MOVE = YES;
				CLANG_WARN_UNGUARDED_AVAILABILITY = YES_AGGRESSIVE;
				CLANG_WARN_UNREACHABLE_CODE = YES;
				CLANG_WARN__DUPLICATE_METHOD_MATCH = YES;
				CODE_SIGN_IDENTITY = "iPhone Developer";
				COPY_PHASE_STRIP = NO;
				DEBUG_INFORMATION_FORMAT = "dwarf-with-dsym";
				ENABLE_NS_ASSERTIONS = NO;
				ENABLE_STRICT_OBJC_MSGSEND = YES;
				GCC_C_LANGUAGE_STANDARD = gnu11;
				GCC_NO_COMMON_BLOCKS = YES;
				GCC_WARN_64_TO_32_BIT_CONVERSION = YES;
				GCC_WARN_ABOUT_RETURN_TYPE = YES_ERROR;
				GCC_WARN_UNDECLARED_SELECTOR = YES;
				GCC_WARN_UNINITIALIZED_AUTOS = YES_AGGRESSIVE;
				GCC_WARN_UNUSED_FUNCTION = YES;
				GCC_WARN_UNUSED_VARIABLE = YES;
				IPHONEOS_DEPLOYMENT_TARGET = 11.3;
				MTL_ENABLE_DEBUG_INFO = NO;
				SDKROOT = iphoneos;
				SWIFT_COMPILATION_MODE = wholemodule;
				SWIFT_OPTIMIZATION_LEVEL = "-O";
				VALIDATE_PRODUCT = YES;
			};
			name = Release;
		};
		A477AE552105BEE300696EE3 /* Debug */ = {
			isa = XCBuildConfiguration;
			buildSettings = {
				ASSETCATALOG_COMPILER_APPICON_NAME = AppIcon;
				CODE_SIGN_STYLE = Automatic;
				DEVELOPMENT_TEAM = NSR7XQ44X5;
				INFOPLIST_FILE = GlovoChallenge/Info.plist;
				LD_RUNPATH_SEARCH_PATHS = (
					"$(inherited)",
					"@executable_path/Frameworks",
				);
				PRODUCT_BUNDLE_IDENTIFIER = com.ibrahim.kteish.GlovoChallenge;
				PRODUCT_NAME = "$(TARGET_NAME)";
				SWIFT_VERSION = 4.0;
				TARGETED_DEVICE_FAMILY = "1,2";
			};
			name = Debug;
		};
		A477AE562105BEE300696EE3 /* Release */ = {
			isa = XCBuildConfiguration;
			buildSettings = {
				ASSETCATALOG_COMPILER_APPICON_NAME = AppIcon;
				CODE_SIGN_STYLE = Automatic;
				DEVELOPMENT_TEAM = NSR7XQ44X5;
				INFOPLIST_FILE = GlovoChallenge/Info.plist;
				LD_RUNPATH_SEARCH_PATHS = (
					"$(inherited)",
					"@executable_path/Frameworks",
				);
				PRODUCT_BUNDLE_IDENTIFIER = com.ibrahim.kteish.GlovoChallenge;
				PRODUCT_NAME = "$(TARGET_NAME)";
				SWIFT_VERSION = 4.0;
				TARGETED_DEVICE_FAMILY = "1,2";
			};
			name = Release;
		};
/* End XCBuildConfiguration section */

/* Begin XCConfigurationList section */
		A477AE3B2105BEDF00696EE3 /* Build configuration list for PBXProject "GlovoChallenge" */ = {
			isa = XCConfigurationList;
			buildConfigurations = (
				A477AE522105BEE300696EE3 /* Debug */,
				A477AE532105BEE300696EE3 /* Release */,
			);
			defaultConfigurationIsVisible = 0;
			defaultConfigurationName = Release;
		};
		A477AE542105BEE300696EE3 /* Build configuration list for PBXNativeTarget "GlovoChallenge" */ = {
			isa = XCConfigurationList;
			buildConfigurations = (
				A477AE552105BEE300696EE3 /* Debug */,
				A477AE562105BEE300696EE3 /* Release */,
			);
			defaultConfigurationIsVisible = 0;
			defaultConfigurationName = Release;
		};
/* End XCConfigurationList section */
	};
	rootObject = A477AE382105BEDF00696EE3 /* Project object */;
}
